Microsoft Visual Studio Solution File, Format Version 12.00
# Visual Studio Version 17
VisualStudioVersion = 17.12.35527.113
MinimumVisualStudioVersion = 10.0.40219.1
Project("{2150E333-8FDC-42A3-9474-1A3956D46DE8}") = "Source", "Source", "{CF80892C-97D8-4098-B575-615234BD96FE}"
EndProject
Project("{2150E333-8FDC-42A3-9474-1A3956D46DE8}") = "Core", "Core", "{1DA10C3E-E34B-4645-9C4F-D3FC7DB1E09D}"
EndProject
Project("{FAE04EC0-301F-11D3-BF4B-00C04F79EFBC}") = "CA-CQRS_MR.Domain", "src\Core\CA-CQRS_MR.Domain\CA-CQRS_MR.Domain.csproj", "{91A1A840-160E-4A09-86F8-FF78E11AE892}"
EndProject
Project("{FAE04EC0-301F-11D3-BF4B-00C04F79EFBC}") = "CA-CQRS_MR.Application", "src\Core\CA-CQRS_MR.Application\CA-CQRS_MR.Application.csproj", "{0694FF59-F280-4954-A111-424208657E5D}"
EndProject
Project("{2150E333-8FDC-42A3-9474-1A3956D46DE8}") = "Infrastructure", "Infrastructure", "{23FB6DA7-8F4B-4487-8E57-941D8FA5255E}"
EndProject
Project("{FAE04EC0-301F-11D3-BF4B-00C04F79EFBC}") = "CA-CQRS_MR.Persistence", "src\Infrastructure\CA-CQRS_MR.Persistence\CA-CQRS_MR.Persistence.csproj", "{A64EC5D1-987D-4365-BB97-FD2B0B17C8B7}"
EndProject
Project("{2150E333-8FDC-42A3-9474-1A3956D46DE8}") = "Presentation", "Presentation", "{B2A9709E-EA1C-49C1-A1A3-918DD5F61912}"
EndProject
Project("{FAE04EC0-301F-11D3-BF4B-00C04F79EFBC}") = "CA-CQRS_MR.Api", "src\Presentation\CA-CQRS_MR.Api\CA-CQRS_MR.Api.csproj", "{675E52F0-5467-4FFC-9D2D-0A88E851487E}"
EndProject
Project("{2150E333-8FDC-42A3-9474-1A3956D46DE8}") = "Test", "Test", "{0A7CA021-1A05-44B0-B1D5-3628CF56DED7}"
EndProject
Project("{FAE04EC0-301F-11D3-BF4B-00C04F79EFBC}") = "CA-CQRS_MR.Application.UnitTests", "test\CA-CQRS_MR.Application.UnitTests\CA-CQRS_MR.Application.UnitTests.csproj", "{E2E1F63E-38A5-43EE-B07A-DF56A011A6E7}"
EndProject
Project("{FAE04EC0-301F-11D3-BF4B-00C04F79EFBC}") = "CA-CQRS_MR.Persistence.IntegrationTests", "test\CA-CQRS_MR.Persistence.IntegrationTests\CA-CQRS_MR.Persistence.IntegrationTests.csproj", "{4379DADA-B085-488D-8614-E4319F45CC26}"
EndProject
Project("{FAE04EC0-301F-11D3-BF4B-00C04F79EFBC}") = "CA-CQRS_MR.Identity", "src\Infrastructure\CA-CQRS_MR.Identity\CA-CQRS_MR.Identity.csproj", "{66538F67-8A94-438B-94DB-07637D6DBCA5}"
EndProject
Project("{FAE04EC0-301F-11D3-BF4B-00C04F79EFBC}") = "CA-CQRS_MR.Infrastructure", "src\Infrastructure\CA-CQRS_MR.Infrastructure\CA-CQRS_MR.Infrastructure.csproj", "{7CD8DBEF-2182-4524-82CE-E1C421100731}"
EndProject
Project("{2150E333-8FDC-42A3-9474-1A3956D46DE8}") = "Solution Items", "Solution Items", "{D75618B0-0149-4E2D-A9FC-DBB3EF143611}"
	ProjectSection(SolutionItems) = preProject
		.gitattributes = .gitattributes
		.gitignore = .gitignore
		README.md = README.md
	EndProjectSection
EndProject
Global
	GlobalSection(SolutionConfigurationPlatforms) = preSolution
		Debug|Any CPU = Debug|Any CPU
		Release|Any CPU = Release|Any CPU
	EndGlobalSection
	GlobalSection(ProjectConfigurationPlatforms) = postSolution
		{91A1A840-160E-4A09-86F8-FF78E11AE892}.Debug|Any CPU.ActiveCfg = Debug|Any CPU
		{91A1A840-160E-4A09-86F8-FF78E11AE892}.Debug|Any CPU.Build.0 = Debug|Any CPU
		{91A1A840-160E-4A09-86F8-FF78E11AE892}.Release|Any CPU.ActiveCfg = Release|Any CPU
		{91A1A840-160E-4A09-86F8-FF78E11AE892}.Release|Any CPU.Build.0 = Release|Any CPU
		{0694FF59-F280-4954-A111-424208657E5D}.Debug|Any CPU.ActiveCfg = Debug|Any CPU
		{0694FF59-F280-4954-A111-424208657E5D}.Debug|Any CPU.Build.0 = Debug|Any CPU
		{0694FF59-F280-4954-A111-424208657E5D}.Release|Any CPU.ActiveCfg = Release|Any CPU
		{0694FF59-F280-4954-A111-424208657E5D}.Release|Any CPU.Build.0 = Release|Any CPU
		{A64EC5D1-987D-4365-BB97-FD2B0B17C8B7}.Debug|Any CPU.ActiveCfg = Debug|Any CPU
		{A64EC5D1-987D-4365-BB97-FD2B0B17C8B7}.Debug|Any CPU.Build.0 = Debug|Any CPU
		{A64EC5D1-987D-4365-BB97-FD2B0B17C8B7}.Release|Any CPU.ActiveCfg = Release|Any CPU
		{A64EC5D1-987D-4365-BB97-FD2B0B17C8B7}.Release|Any CPU.Build.0 = Release|Any CPU
		{675E52F0-5467-4FFC-9D2D-0A88E851487E}.Debug|Any CPU.ActiveCfg = Debug|Any CPU
		{675E52F0-5467-4FFC-9D2D-0A88E851487E}.Debug|Any CPU.Build.0 = Debug|Any CPU
		{675E52F0-5467-4FFC-9D2D-0A88E851487E}.Release|Any CPU.ActiveCfg = Release|Any CPU
		{675E52F0-5467-4FFC-9D2D-0A88E851487E}.Release|Any CPU.Build.0 = Release|Any CPU
		{E2E1F63E-38A5-43EE-B07A-DF56A011A6E7}.Debug|Any CPU.ActiveCfg = Debug|Any CPU
		{E2E1F63E-38A5-43EE-B07A-DF56A011A6E7}.Debug|Any CPU.Build.0 = Debug|Any CPU
		{E2E1F63E-38A5-43EE-B07A-DF56A011A6E7}.Release|Any CPU.ActiveCfg = Release|Any CPU
		{E2E1F63E-38A5-43EE-B07A-DF56A011A6E7}.Release|Any CPU.Build.0 = Release|Any CPU
		{4379DADA-B085-488D-8614-E4319F45CC26}.Debug|Any CPU.ActiveCfg = Debug|Any CPU
		{4379DADA-B085-488D-8614-E4319F45CC26}.Debug|Any CPU.Build.0 = Debug|Any CPU
		{4379DADA-B085-488D-8614-E4319F45CC26}.Release|Any CPU.ActiveCfg = Release|Any CPU
		{4379DADA-B085-488D-8614-E4319F45CC26}.Release|Any CPU.Build.0 = Release|Any CPU
		{66538F67-8A94-438B-94DB-07637D6DBCA5}.Debug|Any CPU.ActiveCfg = Debug|Any CPU
		{66538F67-8A94-438B-94DB-07637D6DBCA5}.Debug|Any CPU.Build.0 = Debug|Any CPU
		{66538F67-8A94-438B-94DB-07637D6DBCA5}.Release|Any CPU.ActiveCfg = Release|Any CPU
		{66538F67-8A94-438B-94DB-07637D6DBCA5}.Release|Any CPU.Build.0 = Release|Any CPU
		{7CD8DBEF-2182-4524-82CE-E1C421100731}.Debug|Any CPU.ActiveCfg = Debug|Any CPU
		{7CD8DBEF-2182-4524-82CE-E1C421100731}.Debug|Any CPU.Build.0 = Debug|Any CPU
		{7CD8DBEF-2182-4524-82CE-E1C421100731}.Release|Any CPU.ActiveCfg = Release|Any CPU
		{7CD8DBEF-2182-4524-82CE-E1C421100731}.Release|Any CPU.Build.0 = Release|Any CPU
	EndGlobalSection
	GlobalSection(SolutionProperties) = preSolution
		HideSolutionNode = FALSE
	EndGlobalSection
	GlobalSection(NestedProjects) = preSolution
		{1DA10C3E-E34B-4645-9C4F-D3FC7DB1E09D} = {CF80892C-97D8-4098-B575-615234BD96FE}
		{91A1A840-160E-4A09-86F8-FF78E11AE892} = {1DA10C3E-E34B-4645-9C4F-D3FC7DB1E09D}
		{0694FF59-F280-4954-A111-424208657E5D} = {1DA10C3E-E34B-4645-9C4F-D3FC7DB1E09D}
		{23FB6DA7-8F4B-4487-8E57-941D8FA5255E} = {CF80892C-97D8-4098-B575-615234BD96FE}
		{A64EC5D1-987D-4365-BB97-FD2B0B17C8B7} = {23FB6DA7-8F4B-4487-8E57-941D8FA5255E}
		{B2A9709E-EA1C-49C1-A1A3-918DD5F61912} = {CF80892C-97D8-4098-B575-615234BD96FE}
		{675E52F0-5467-4FFC-9D2D-0A88E851487E} = {B2A9709E-EA1C-49C1-A1A3-918DD5F61912}
		{E2E1F63E-38A5-43EE-B07A-DF56A011A6E7} = {0A7CA021-1A05-44B0-B1D5-3628CF56DED7}
		{4379DADA-B085-488D-8614-E4319F45CC26} = {0A7CA021-1A05-44B0-B1D5-3628CF56DED7}
		{66538F67-8A94-438B-94DB-07637D6DBCA5} = {23FB6DA7-8F4B-4487-8E57-941D8FA5255E}
		{7CD8DBEF-2182-4524-82CE-E1C421100731} = {23FB6DA7-8F4B-4487-8E57-941D8FA5255E}
	EndGlobalSection
EndGlobal
